
Microsoft Visual Studio Solution File, Format Version 12.00
# Visual Studio Version 17
VisualStudioVersion = 17.5.002.0
MinimumVisualStudioVersion = 10.0.40219.1
Project("{9A19103F-16F7-4668-BE54-9A1E7A4F7556}") = "Menu", "Menu\Menu.csproj", "{E146AA24-F1CE-4487-94A4-32C68E287B82}"
EndProject
Global
	GlobalSection(SolutionConfigurationPlatforms) = preSolution
		Debug|Any CPU = Debug|Any CPU
		Release|Any CPU = Release|Any CPU
	EndGlobalSection
	GlobalSection(ProjectConfigurationPlatforms) = postSolution
		{E146AA24-F1CE-4487-94A4-32C68E287B82}.Debug|Any CPU.ActiveCfg = Debug|Any CPU
		{E146AA24-F1CE-4487-94A4-32C68E287B82}.Debug|Any CPU.Build.0 = Debug|Any CPU
		{E146AA24-F1CE-4487-94A4-32C68E287B82}.Release|Any CPU.ActiveCfg = Release|Any CPU
		{E146AA24-F1CE-4487-94A4-32C68E287B82}.Release|Any CPU.Build.0 = Release|Any CPU
	EndGlobalSection
	GlobalSection(SolutionProperties) = preSolution
		HideSolutionNode = FALSE
	EndGlobalSection
	GlobalSection(ExtensibilityGlobals) = postSolution
		SolutionGuid = {2682A892-1763-4E5E-9F28-C22344FA770B}
	EndGlobalSection
EndGlobal
